
Microsoft Visual Studio Solution File, Format Version 12.00
# Visual Studio Version 17
VisualStudioVersion = 17.13.35806.99
MinimumVisualStudioVersion = 10.0.40219.1
Project("{FAE04EC0-301F-11D3-BF4B-00C04F79EFBC}") = "HotelReservationSystem.Web", "HotelReservationSystem\HotelReservationSystem.Web.csproj", "{E8960F09-9048-437A-9D06-F3538EE170EA}"
EndProject
Project("{FAE04EC0-301F-11D3-BF4B-00C04F79EFBC}") = "HotelReservationSystem.Core", "HotelReservationSystem.Core\HotelReservationSystem.Core.csproj", "{439A2CB9-5A73-4192-A2E6-42F271D270AE}"
EndProject
Project("{FAE04EC0-301F-11D3-BF4B-00C04F79EFBC}") = "HotelReservationSystem.Application", "HotelReservationSystem.Application\HotelReservationSystem.Application.csproj", "{29D22ED4-2DEB-4D74-AD4B-ED2173AB109D}"
EndProject
Project("{FAE04EC0-301F-11D3-BF4B-00C04F79EFBC}") = "HotelReservationSystem.Infrastructure", "HotelReservationSystem.Infrastructure\HotelReservationSystem.Infrastructure.csproj", "{A8A90655-AE0C-4635-84B3-D0D1D54B4C96}"
EndProject
Project("{FAE04EC0-301F-11D3-BF4B-00C04F79EFBC}") = "HotelReservationSystem.Tests", "HotelReservationSystem.Tests\HotelReservationSystem.Tests.csproj", "{F74DF757-F945-44DF-A67D-74F3882AFDE0}"
EndProject
Project("{FAE04EC0-301F-11D3-BF4B-00C04F79EFBC}") = "HotelReservationSystem.Workers", "HotelReservationSystem.Workers\HotelReservationSystem.Workers.csproj", "{CBC62055-0048-48CB-A72E-63DE5A00A1E1}"
EndProject
Global
	GlobalSection(SolutionConfigurationPlatforms) = preSolution
		Debug|Any CPU = Debug|Any CPU
		Release|Any CPU = Release|Any CPU
	EndGlobalSection
	GlobalSection(ProjectConfigurationPlatforms) = postSolution
		{E8960F09-9048-437A-9D06-F3538EE170EA}.Debug|Any CPU.ActiveCfg = Debug|Any CPU
		{E8960F09-9048-437A-9D06-F3538EE170EA}.Debug|Any CPU.Build.0 = Debug|Any CPU
		{E8960F09-9048-437A-9D06-F3538EE170EA}.Release|Any CPU.ActiveCfg = Release|Any CPU
		{E8960F09-9048-437A-9D06-F3538EE170EA}.Release|Any CPU.Build.0 = Release|Any CPU
		{439A2CB9-5A73-4192-A2E6-42F271D270AE}.Debug|Any CPU.ActiveCfg = Debug|Any CPU
		{439A2CB9-5A73-4192-A2E6-42F271D270AE}.Debug|Any CPU.Build.0 = Debug|Any CPU
		{439A2CB9-5A73-4192-A2E6-42F271D270AE}.Release|Any CPU.ActiveCfg = Release|Any CPU
		{439A2CB9-5A73-4192-A2E6-42F271D270AE}.Release|Any CPU.Build.0 = Release|Any CPU
		{29D22ED4-2DEB-4D74-AD4B-ED2173AB109D}.Debug|Any CPU.ActiveCfg = Debug|Any CPU
		{29D22ED4-2DEB-4D74-AD4B-ED2173AB109D}.Debug|Any CPU.Build.0 = Debug|Any CPU
		{29D22ED4-2DEB-4D74-AD4B-ED2173AB109D}.Release|Any CPU.ActiveCfg = Release|Any CPU
		{29D22ED4-2DEB-4D74-AD4B-ED2173AB109D}.Release|Any CPU.Build.0 = Release|Any CPU
		{A8A90655-AE0C-4635-84B3-D0D1D54B4C96}.Debug|Any CPU.ActiveCfg = Debug|Any CPU
		{A8A90655-AE0C-4635-84B3-D0D1D54B4C96}.Debug|Any CPU.Build.0 = Debug|Any CPU
		{A8A90655-AE0C-4635-84B3-D0D1D54B4C96}.Release|Any CPU.ActiveCfg = Release|Any CPU
		{A8A90655-AE0C-4635-84B3-D0D1D54B4C96}.Release|Any CPU.Build.0 = Release|Any CPU
		{F74DF757-F945-44DF-A67D-74F3882AFDE0}.Debug|Any CPU.ActiveCfg = Debug|Any CPU
		{F74DF757-F945-44DF-A67D-74F3882AFDE0}.Debug|Any CPU.Build.0 = Debug|Any CPU
		{F74DF757-F945-44DF-A67D-74F3882AFDE0}.Release|Any CPU.ActiveCfg = Release|Any CPU
		{F74DF757-F945-44DF-A67D-74F3882AFDE0}.Release|Any CPU.Build.0 = Release|Any CPU
		{CBC62055-0048-48CB-A72E-63DE5A00A1E1}.Debug|Any CPU.ActiveCfg = Debug|Any CPU
		{CBC62055-0048-48CB-A72E-63DE5A00A1E1}.Debug|Any CPU.Build.0 = Debug|Any CPU
		{CBC62055-0048-48CB-A72E-63DE5A00A1E1}.Release|Any CPU.ActiveCfg = Release|Any CPU
		{CBC62055-0048-48CB-A72E-63DE5A00A1E1}.Release|Any CPU.Build.0 = Release|Any CPU
	EndGlobalSection
	GlobalSection(SolutionProperties) = preSolution
		HideSolutionNode = FALSE
	EndGlobalSection
	GlobalSection(ExtensibilityGlobals) = postSolution
		SolutionGuid = {FDDEE082-A8EE-40C5-9A8D-A733B22D327E}
	EndGlobalSection
EndGlobal
